
Microsoft Visual Studio Solution File, Format Version 12.00
# Visual Studio Version 17
VisualStudioVersion = 17.11.35208.52
MinimumVisualStudioVersion = 10.0.40219.1
Project("{FAE04EC0-301F-11D3-BF4B-00C04F79EFBC}") = "ConsoleApp7", "ConsoleApp7\ConsoleApp7.csproj", "{009B05AE-C7EF-4771-BB8E-92D5BA63B61F}"
EndProject
Global
	GlobalSection(SolutionConfigurationPlatforms) = preSolution
		Debug|Any CPU = Debug|Any CPU
		Release|Any CPU = Release|Any CPU
	EndGlobalSection
	GlobalSection(ProjectConfigurationPlatforms) = postSolution
		{009B05AE-C7EF-4771-BB8E-92D5BA63B61F}.Debug|Any CPU.ActiveCfg = Debug|Any CPU
		{009B05AE-C7EF-4771-BB8E-92D5BA63B61F}.Debug|Any CPU.Build.0 = Debug|Any CPU
		{009B05AE-C7EF-4771-BB8E-92D5BA63B61F}.Release|Any CPU.ActiveCfg = Release|Any CPU
		{009B05AE-C7EF-4771-BB8E-92D5BA63B61F}.Release|Any CPU.Build.0 = Release|Any CPU
	EndGlobalSection
	GlobalSection(SolutionProperties) = preSolution
		HideSolutionNode = FALSE
	EndGlobalSection
	GlobalSection(ExtensibilityGlobals) = postSolution
		SolutionGuid = {75128AFF-8B68-45B3-A561-F2A21B52BAD5}
	EndGlobalSection
EndGlobal
